{
  "version": 4,
  "terraform_version": "1.14.3",
  "serial": 12,
  "lineage": "a0eee9aa-cf89-589e-3ae7-450c4a3d417e",
  "outputs": {},
  "resources": [
    {
      "mode": "data",
      "type": "azurerm_container_app_environment",
      "name": "existing_env",
      "provider": "provider[\"registry.terraform.io/hashicorp/azurerm\"]",
      "instances": [
        {
          "schema_version": 0,
          "attributes": {
            "custom_domain_verification_id": "C250CE7CFB81FC645C5E711FB6FA45D8948247D36D71B965A56D6D77FF63A74A",
            "default_domain": "redgrass-d97f260e.eastus.azurecontainerapps.io",
            "docker_bridge_cidr": "",
            "id": "/subscriptions/b497fd69-266c-46a9-b55b-8be0cd579667/resourceGroups/rg-cicd-terraform-app-chavez/providers/Microsoft.App/managedEnvironments/aca-env-chavez-dev",
            "infrastructure_subnet_id": "",
            "internal_load_balancer_enabled": false,
            "location": "eastus",
            "log_analytics_workspace_name": "",
            "name": "aca-env-chavez-dev",
            "platform_reserved_cidr": "",
            "platform_reserved_dns_ip_address": "",
            "resource_group_name": "rg-cicd-terraform-app-chavez",
            "static_ip_address": "48.195.194.15",
            "tags": {},
            "timeouts": null
          },
          "sensitive_attributes": [],
          "identity_schema_version": 0
        }
      ]
    },
    {
      "mode": "managed",
      "type": "azurerm_container_app",
      "name": "app",
      "provider": "provider[\"registry.terraform.io/hashicorp/azurerm\"]",
      "instances": [
        {
          "schema_version": 0,
          "attributes": {
            "container_app_environment_id": "/subscriptions/b497fd69-266c-46a9-b55b-8be0cd579667/resourceGroups/rg-cicd-terraform-app-chavez/providers/Microsoft.App/managedEnvironments/aca-env-chavez-dev",
            "custom_domain_verification_id": "C250CE7CFB81FC645C5E711FB6FA45D8948247D36D71B965A56D6D77FF63A74A",
            "dapr": [],
            "id": "/subscriptions/b497fd69-266c-46a9-b55b-8be0cd579667/resourceGroups/rg-hello-microservice/providers/Microsoft.App/containerApps/hello-microservice-app",
            "identity": [],
            "ingress": [
              {
                "allow_insecure_connections": false,
                "custom_domain": [],
                "exposed_port": 0,
                "external_enabled": true,
                "fqdn": "hello-microservice-app.redgrass-d97f260e.eastus.azurecontainerapps.io",
                "ip_security_restriction": [],
                "target_port": 8000,
                "traffic_weight": [
                  {
                    "label": "",
                    "latest_revision": true,
                    "percentage": 100,
                    "revision_suffix": ""
                  }
                ],
                "transport": "auto"
              }
            ],
            "latest_revision_fqdn": "hello-microservice-app--t3iaeiq.redgrass-d97f260e.eastus.azurecontainerapps.io",
            "latest_revision_name": "hello-microservice-app--t3iaeiq",
            "location": "eastus",
            "name": "hello-microservice-app",
            "outbound_ip_addresses": [
              "135.234.219.186"
            ],
            "registry": [],
            "resource_group_name": "rg-hello-microservice",
            "revision_mode": "Single",
            "secret": [],
            "tags": null,
            "template": [
              {
                "azure_queue_scale_rule": [],
                "container": [
                  {
                    "args": null,
                    "command": null,
                    "cpu": 0.25,
                    "env": [
                      {
                        "name": "APP_NAME",
                        "secret_name": "",
                        "value": "Alexander"
                      }
                    ],
                    "ephemeral_storage": "1Gi",
                    "image": "docker.io/barreradalex/hello-microservice:latest",
                    "liveness_probe": [],
                    "memory": "0.5Gi",
                    "name": "hello",
                    "readiness_probe": [],
                    "startup_probe": [],
                    "volume_mounts": []
                  }
                ],
                "custom_scale_rule": [],
                "http_scale_rule": [],
                "init_container": [],
                "max_replicas": 10,
                "min_replicas": 1,
                "revision_suffix": "",
                "tcp_scale_rule": [],
                "volume": []
              }
            ],
            "timeouts": null,
            "workload_profile_name": ""
          },
          "sensitive_attributes": [
            [
              {
                "type": "get_attr",
                "value": "custom_domain_verification_id"
              }
            ]
          ],
          "identity_schema_version": 0,
          "private": "eyJlMmJmYjczMC1lY2FhLTExZTYtOGY4OC0zNDM2M2JjN2M0YzAiOnsiY3JlYXRlIjoxODAwMDAwMDAwMDAwLCJkZWxldGUiOjE4MDAwMDAwMDAwMDAsInJlYWQiOjMwMDAwMDAwMDAwMCwidXBkYXRlIjoxODAwMDAwMDAwMDAwfX0=",
          "dependencies": [
            "azurerm_resource_group.rg",
            "data.azurerm_container_app_environment.existing_env"
          ]
        }
      ]
    },
    {
      "mode": "managed",
      "type": "azurerm_log_analytics_workspace",
      "name": "law",
      "provider": "provider[\"registry.terraform.io/hashicorp/azurerm\"]",
      "instances": [
        {
          "schema_version": 3,
          "attributes": {
            "allow_resource_only_permissions": true,
            "cmk_for_query_forced": false,
            "daily_quota_gb": -1,
            "data_collection_rule_id": "",
            "id": "/subscriptions/b497fd69-266c-46a9-b55b-8be0cd579667/resourceGroups/rg-hello-microservice/providers/Microsoft.OperationalInsights/workspaces/hello-microservice-law",
            "identity": [],
            "immediate_data_purge_on_30_days_enabled": false,
            "internet_ingestion_enabled": true,
            "internet_query_enabled": true,
            "local_authentication_disabled": false,
            "location": "westus",
            "name": "hello-microservice-law",
            "primary_shared_key": "zX8BRs8HcFGwOKOybvtPePwFMFrTlfq+xDDJo3jzxmdjF+qyu5U4RjmSCJiqy/YOQzpfoQZuDs7pjD35O/6YDg==",
            "reservation_capacity_in_gb_per_day": null,
            "resource_group_name": "rg-hello-microservice",
            "retention_in_days": 30,
            "secondary_shared_key": "LubfoazPRe6tyhQx1ahIuu1mFzm0+jAOvr22C/vQzbvAlG1eL3sDKgzqLSOHS+A5Z1/+2XIAPeN9ou/6okpV+w==",
            "sku": "PerGB2018",
            "tags": {},
            "timeouts": null,
            "workspace_id": "c64eefe4-765d-4c95-b470-da5a1ead8820"
          },
          "sensitive_attributes": [
            [
              {
                "type": "get_attr",
                "value": "primary_shared_key"
              }
            ],
            [
              {
                "type": "get_attr",
                "value": "secondary_shared_key"
              }
            ]
          ],
          "identity_schema_version": 0,
          "private": "eyJlMmJmYjczMC1lY2FhLTExZTYtOGY4OC0zNDM2M2JjN2M0YzAiOnsiY3JlYXRlIjoxODAwMDAwMDAwMDAwLCJkZWxldGUiOjE4MDAwMDAwMDAwMDAsInJlYWQiOjMwMDAwMDAwMDAwMCwidXBkYXRlIjoxODAwMDAwMDAwMDAwfSwic2NoZW1hX3ZlcnNpb24iOiIzIn0=",
          "dependencies": [
            "azurerm_resource_group.rg"
          ]
        }
      ]
    },
    {
      "mode": "managed",
      "type": "azurerm_resource_group",
      "name": "rg",
      "provider": "provider[\"registry.terraform.io/hashicorp/azurerm\"]",
      "instances": [
        {
          "schema_version": 0,
          "attributes": {
            "id": "/subscriptions/b497fd69-266c-46a9-b55b-8be0cd579667/resourceGroups/rg-hello-microservice",
            "location": "westus",
            "managed_by": "",
            "name": "rg-hello-microservice",
            "tags": {},
            "timeouts": null
          },
          "sensitive_attributes": [],
          "identity_schema_version": 0,
          "private": "eyJlMmJmYjczMC1lY2FhLTExZTYtOGY4OC0zNDM2M2JjN2M0YzAiOnsiY3JlYXRlIjo1NDAwMDAwMDAwMDAwLCJkZWxldGUiOjU0MDAwMDAwMDAwMDAsInJlYWQiOjMwMDAwMDAwMDAwMCwidXBkYXRlIjo1NDAwMDAwMDAwMDAwfX0="
        }
      ]
    }
  ],
  "check_results": null
}
